
Microsoft Visual Studio Solution File, Format Version 12.00
# Visual Studio Version 16
VisualStudioVersion = 16.0.32510.428
MinimumVisualStudioVersion = 10.0.40219.1
Project("{FAE04EC0-301F-11D3-BF4B-00C04F79EFBC}") = "CleanUp", "CleanUp\CleanUp.csproj", "{C85C677F-2FA8-4A04-92E9-266803BE6594}"
EndProject
Global
	GlobalSection(SolutionConfigurationPlatforms) = preSolution
		Debug|Any CPU = Debug|Any CPU
		Release|Any CPU = Release|Any CPU
	EndGlobalSection
	GlobalSection(ProjectConfigurationPlatforms) = postSolution
		{C85C677F-2FA8-4A04-92E9-266803BE6594}.Debug|Any CPU.ActiveCfg = Debug|Any CPU
		{C85C677F-2FA8-4A04-92E9-266803BE6594}.Debug|Any CPU.Build.0 = Debug|Any CPU
		{C85C677F-2FA8-4A04-92E9-266803BE6594}.Release|Any CPU.ActiveCfg = Release|Any CPU
		{C85C677F-2FA8-4A04-92E9-266803BE6594}.Release|Any CPU.Build.0 = Release|Any CPU
	EndGlobalSection
	GlobalSection(SolutionProperties) = preSolution
		HideSolutionNode = FALSE
	EndGlobalSection
	GlobalSection(ExtensibilityGlobals) = postSolution
		SolutionGuid = {9D1AA8AB-21C6-460A-A5A8-7B5ECAF56514}
	EndGlobalSection
EndGlobal
